
Microsoft Visual Studio Solution File, Format Version 12.00
# Visual Studio Version 17
VisualStudioVersion = 17.10.35013.160
MinimumVisualStudioVersion = 10.0.40219.1
Project("{FAE04EC0-301F-11D3-BF4B-00C04F79EFBC}") = "IronDomeAPI", "IronDomeAPI.csproj", "{3A40B70B-2900-448D-AC72-719AA4F72F8C}"
EndProject
Global
	GlobalSection(SolutionConfigurationPlatforms) = preSolution
		Debug|Any CPU = Debug|Any CPU
		Release|Any CPU = Release|Any CPU
	EndGlobalSection
	GlobalSection(ProjectConfigurationPlatforms) = postSolution
		{3A40B70B-2900-448D-AC72-719AA4F72F8C}.Debug|Any CPU.ActiveCfg = Debug|Any CPU
		{3A40B70B-2900-448D-AC72-719AA4F72F8C}.Debug|Any CPU.Build.0 = Debug|Any CPU
		{3A40B70B-2900-448D-AC72-719AA4F72F8C}.Release|Any CPU.ActiveCfg = Release|Any CPU
		{3A40B70B-2900-448D-AC72-719AA4F72F8C}.Release|Any CPU.Build.0 = Release|Any CPU
	EndGlobalSection
	GlobalSection(SolutionProperties) = preSolution
		HideSolutionNode = FALSE
	EndGlobalSection
	GlobalSection(ExtensibilityGlobals) = postSolution
		SolutionGuid = {C553947F-DF48-4DD7-A95F-09E408C7DE35}
	EndGlobalSection
EndGlobal
